dmitri.shuralyov.com/gpu/mtl v0.0.0-20221208032759-85de2813cf6b h1:a26Bdkl2B9PmYN6vGXnnfB2UGKjz0Moif1aEg+xTd7M=
dmitri.shuralyov.com/gpu/mtl v0.0.0-20221208032759-85de2813cf6b/go.mod h1:H6x//7gZCb22OMCxBHrMx7a5I7Hp++hsVxbQ4BYO7hU=
github.com/BurntSushi/toml v1.5.0 h1:W5quZX/G/csjUnuI8SUYlsHs9M38FC7znL0lIO+DvMg=
github.com/BurntSushi/toml v1.5.0/go.mod h1:ukJfTF/6rtPPRCnwkur4qwRxa8vTRFBF0uk2lLoLwho=
github.com/aperturerobotics/json-iterator-lite v1.0.0 h1:cihbrYWoK/S2RYXhJLpDZd+GUjVvFJN+D3w1VOqqHRI=
github.com/aperturerobotics/json-iterator-lite v1.0.0/go.mod h1:snaApCEDtrHHP6UWSLKiYNOZU9A5NyzccKenx9oZEzg=
github.com/aperturerobotics/protobuf-go-lite v0.11.0 h1:IAaZISqrEpodqECYxk0yKWgROEbZtMhs7bErP+Zma9o=
github.com/aperturerobotics/protobuf-go-lite v0.11.0/go.mod h1:c4kGy7Dkfz6B1m0t4QBIMQoNeQ7m+nYj3Qxxnlwhygo=
github.com/clipperhouse/stringish v0.1.1 h1:+NSqMOr3GR6k1FdRhhnXrLfztGzuG+VuFDfatpWHKCs=
github.com/clipperhouse/stringish v0.1.1/go.mod h1:v/WhFtE1q0ovMta2+m+UbpZ+2/HEXNWYXQgCt4hdOzA=
github.com/clipperhouse/uax29/v2 v2.3.0 h1:SNdx9DVUqMoBuBoW3iLOj4FQv3dN5mDtuqwuhIGpJy4=
github.com/clipperhouse/uax29/v2 v2.3.0/go.mod h1:Wn1g7MK6OoeDT0vL+Q0SQLDz/KpfsVRgg6W7ihQeh4g=
github.com/davecgh/go-spew v1.1.1 h1:vj9j/u1bqnvCEfJOwUhtlOARqs3+rkHYY13jYWTU97c=
github.com/davecgh/go-spew v1.1.1/go.mod h1:J7Y8YcW2NihsgmVo/mv3lAwl/skON4iLHjSsI+c5H38=
github.com/fsnotify/fsnotify v1.9.0 h1:2Ml+OJNzbYCTzsxtv8vKSFD9PbJjmhYF14k/jKC7S9k=
github.com/fsnotify/fsnotify v1.9.0/go.mod h1:8jBTzvmWwFyi3Pb8djgCCO5IBqzKJ/Jwo8TRcHyHii0=
github.com/go-gl/glfw/v3.3/glfw v0.0.0-20250301202403-da16c1255728 h1:RkGhqHxEVAvPM0/R+8g7XRwQnHatO0KAuVcwHo8q9W8=
github.com/go-gl/glfw/v3.3/glfw v0.0.0-20250301202403-da16c1255728/go.mod h1:SyRD8YfuKk+ZXlDqYiqe1qMSqjNgtHzBTG810KUagMc=
github.com/golang/groupcache v0.0.0-20241129210726-2c02b8208cf8 h1:f+oWsMOmNPc8JmEHVZIycC7hBoQxHH9pNKQORJNozsQ=
github.com/golang/groupcache v0.0.0-20241129210726-2c02b8208cf8/go.mod h1:wcDNUvekVysuuOpQKo3191zZyTpiI6se1N1ULghS0sw=
github.com/google/go-cmp v0.5.4/go.mod h1:v8dTdLbMG2kIc/vJvl+f65V22dbkXbowE6jgT/gNBxE=
github.com/google/go-cmp v0.7.0 h1:wk8382ETsv4JYUZwIsn6YpYiWiBsYLSJiTsyBybVuN8=
github.com/google/go-cmp v0.7.0/go.mod h1:pXiqmnSA92OHEEa9HXL2W4E7lf9JzCmGVUdgjX3N/iU=
github.com/jezek/xgb v1.2.0 h1:LzgkD11wOrPnxXEqo588cnjUt4NwMHrFh/tgajo50Q0=
github.com/jezek/xgb v1.2.0/go.mod h1:nrhwO0FX/enq75I7Y7G8iN1ubpSGZEiA3v9e9GyRFlk=
github.com/mattn/go-runewidth v0.0.19 h1:v++JhqYnZuu5jSKrk9RbgF5v4CGUjqRfBm05byFGLdw=
github.com/mattn/go-runewidth v0.0.19/go.mod h1:XBkDxAl56ILZc9knddidhrOlY5R/pDhgLpndooCuJAs=
github.com/pmezard/go-difflib v1.0.0 h1:4DBwDE0NGyQoBHbLQYPwSUPoCMWR5BEzIk/f1lZbAQM=
github.com/pmezard/go-difflib v1.0.0/go.mod h1:iKH77koFhYxTK1pcRnkKkqfTogsbg7gZNVY4sRDYZ/4=
github.com/psanford/memfs v0.0.0-20241019191636-4ef911798f9b h1:xzjEJAHum+mV5Dd5KyohRlCyP03o4yq6vNpEUtAJQzI=
github.com/psanford/memfs v0.0.0-20241019191636-4ef911798f9b/go.mod h1:tcaRap0jS3eifrEEllL6ZMd9dg8IlDpi2S1oARrQ+NI=
github.com/stretchr/testify v1.10.0 h1:Xv5erBjTwe/5IxqUQTdXv5kgmIvbHo3QQyRwhJsOfJA=
github.com/stretchr/testify v1.10.0/go.mod h1:r2ic/lqez/lEtzL7wO/rwa5dbSLXVDPFyf8C91i36aY=
github.com/ugorji/go/codec v1.2.14 h1:yOQvXCBc3Ij46LRkRoh4Yd5qK6LVOgi0bYOXfb7ifjw=
github.com/ugorji/go/codec v1.2.14/go.mod h1:UNopzCgEMSXjBc6AOMqYvWC1ktqTAfzJZUZgYf6w6lg=
github.com/yuin/gopher-lua v1.1.1 h1:kYKnWBjvbNP4XLT3+bPEwAXJx262OhaHDWDVOPjL46M=
github.com/yuin/gopher-lua v1.1.1/go.mod h1:GBR0iDaNXjAgGg9zfCvksxSRnQx76gclCIb7kdAd1Pw=
go.uber.org/mock v0.6.0 h1:hyF9dfmbgIX5EfOdasqLsWD6xqpNZlXblLB/Dbnwv3Y=
go.uber.org/mock v0.6.0/go.mod h1:KiVJ4BqZJaMj4svdfmHM0AUx4NJYO8ZNpPnZn1Z+BBU=
golang.org/x/exp/shiny v0.0.0-20251209150349-8475f28825e9 h1:1YSucehq04trv319rsDF5J8nPy8z220KRunz0Wgbi3w=
golang.org/x/exp/shiny v0.0.0-20251209150349-8475f28825e9/go.mod h1:QqbL1+y9e9D0Su+B9umI12TlEFXxVNGTpUai4t0pvgI=
golang.org/x/image v0.34.0 h1:33gCkyw9hmwbZJeZkct8XyR11yH889EQt/QH4VmXMn8=
golang.org/x/image v0.34.0/go.mod h1:2RNFBZRB+vnwwFil8GkMdRvrJOFd1AzdZI6vOY+eJVU=
golang.org/x/mobile v0.0.0-20251126181937-5c265dc024c4 h1:lZKReZrCBTDNaVewUp31194cua6qf65/tYg3mq1KUU0=
golang.org/x/mobile v0.0.0-20251126181937-5c265dc024c4/go.mod h1:Eq3Nh/5pFSWug2ohiudJ1iyU59SO78QFuh4qTTN++I0=
golang.org/x/sys v0.39.0 h1:CvCKL8MeisomCi6qNZ+wbb0DN9E5AATixKsvNtMoMFk=
golang.org/x/sys v0.39.0/go.mod h1:OgkHotnGiDImocRcuBABYBEXf8A9a87e/uXjp9XT3ks=
golang.org/x/text v0.32.0 h1:ZD01bjUt1FQ9WJ0ClOL5vxgxOI/sVCNgX1YtKwcY0mU=
golang.org/x/text v0.32.0/go.mod h1:o/rUWzghvpD5TXrTIBuJU77MTaN0ljMWE47kxGJQ7jY=
golang.org/x/xerrors v0.0.0-20191204190536-9bdfabe68543/go.mod h1:I/5z698sn9Ka8TeJc9MKroUUfqBBauWjQqLJ2OPfmY0=
gopkg.in/yaml.v3 v3.0.1 h1:fxVm/GzAzEWqLHuvctI91KS9hhNmmWOoWu0XTYJS7CA=
gopkg.in/yaml.v3 v3.0.1/go.mod h1:K4uyk7z7BCEPqu6E+C64Yfv1cQ7kz7rIZviUmN+EgEM=
